
Microsoft Visual Studio Solution File, Format Version 12.00
# Visual Studio Version 17
Project("{2150E333-8FDC-42A3-9474-1A3956D46DE8}") = "CMakePredefinedTargets", "CMakePredefinedTargets", "{24C25767-FE84-3EC7-B0C8-A09A857E3581}"
EndProject
Project("{8BC9CEB8-8B4A-11D0-8D11-00A0C91BC942}") = "ALL_BUILD", "ALL_BUILD.vcxproj", "{31504B99-4A98-355F-966F-AE59617AFBF6}"
	ProjectSection(ProjectDependencies) = postProject
		{B7D91435-2A7C-312F-89F4-75E782E00143} = {B7D91435-2A7C-312F-89F4-75E782E00143}
		{39C2385D-0E4B-346C-8C68-4CD5ADA83EF0} = {39C2385D-0E4B-346C-8C68-4CD5ADA83EF0}
		{1259E8E0-18BB-3463-B8CF-F3AE96B59850} = {1259E8E0-18BB-3463-B8CF-F3AE96B59850}
		{6515626C-F40F-3F16-958A-90E035A39E34} = {6515626C-F40F-3F16-958A-90E035A39E34}
		{F15F233D-D960-3780-A644-4CBA0B67F0FF} = {F15F233D-D960-3780-A644-4CBA0B67F0FF}
		{1DA764E3-2BA8-3062-A75F-609703E7E2B9} = {1DA764E3-2BA8-3062-A75F-609703E7E2B9}
		{93A98F64-1C5A-3D76-95C7-35412B8C5CA3} = {93A98F64-1C5A-3D76-95C7-35412B8C5CA3}
		{3665E6AB-86A5-363B-8BC9-6888E0F35A55} = {3665E6AB-86A5-363B-8BC9-6888E0F35A55}
		{AFDD1543-DB52-341F-8EFE-7FBEAFFB91F9} = {AFDD1543-DB52-341F-8EFE-7FBEAFFB91F9}
		{4190993B-6156-3847-B36C-47679A59AFAB} = {4190993B-6156-3847-B36C-47679A59AFAB}
		{968E6A7E-FAED-3F1A-B411-9E55361B8BB9} = {968E6A7E-FAED-3F1A-B411-9E55361B8BB9}
	EndProjectSection
EndProject
Project("{8BC9CEB8-8B4A-11D0-8D11-00A0C91BC942}") = "Engine", "GearX\Engine.vcxproj", "{B7D91435-2A7C-312F-89F4-75E782E00143}"
	ProjectSection(ProjectDependencies) = postProject
		{6515626C-F40F-3F16-958A-90E035A39E34} = {6515626C-F40F-3F16-958A-90E035A39E34}
		{1DA764E3-2BA8-3062-A75F-609703E7E2B9} = {1DA764E3-2BA8-3062-A75F-609703E7E2B9}
		{93A98F64-1C5A-3D76-95C7-35412B8C5CA3} = {93A98F64-1C5A-3D76-95C7-35412B8C5CA3}
		{3665E6AB-86A5-363B-8BC9-6888E0F35A55} = {3665E6AB-86A5-363B-8BC9-6888E0F35A55}
		{AFDD1543-DB52-341F-8EFE-7FBEAFFB91F9} = {AFDD1543-DB52-341F-8EFE-7FBEAFFB91F9}
		{4190993B-6156-3847-B36C-47679A59AFAB} = {4190993B-6156-3847-B36C-47679A59AFAB}
		{968E6A7E-FAED-3F1A-B411-9E55361B8BB9} = {968E6A7E-FAED-3F1A-B411-9E55361B8BB9}
	EndProjectSection
EndProject
Project("{8BC9CEB8-8B4A-11D0-8D11-00A0C91BC942}") = "GearXEngine", "GearXEngine.vcxproj", "{39C2385D-0E4B-346C-8C68-4CD5ADA83EF0}"
	ProjectSection(ProjectDependencies) = postProject
		{B7D91435-2A7C-312F-89F4-75E782E00143} = {B7D91435-2A7C-312F-89F4-75E782E00143}
		{6515626C-F40F-3F16-958A-90E035A39E34} = {6515626C-F40F-3F16-958A-90E035A39E34}
		{1DA764E3-2BA8-3062-A75F-609703E7E2B9} = {1DA764E3-2BA8-3062-A75F-609703E7E2B9}
		{93A98F64-1C5A-3D76-95C7-35412B8C5CA3} = {93A98F64-1C5A-3D76-95C7-35412B8C5CA3}
		{3665E6AB-86A5-363B-8BC9-6888E0F35A55} = {3665E6AB-86A5-363B-8BC9-6888E0F35A55}
		{AFDD1543-DB52-341F-8EFE-7FBEAFFB91F9} = {AFDD1543-DB52-341F-8EFE-7FBEAFFB91F9}
		{4190993B-6156-3847-B36C-47679A59AFAB} = {4190993B-6156-3847-B36C-47679A59AFAB}
		{968E6A7E-FAED-3F1A-B411-9E55361B8BB9} = {968E6A7E-FAED-3F1A-B411-9E55361B8BB9}
	EndProjectSection
EndProject
Project("{8BC9CEB8-8B4A-11D0-8D11-00A0C91BC942}") = "GearXStarter", "GearXStarter.vcxproj", "{1259E8E0-18BB-3463-B8CF-F3AE96B59850}"
	ProjectSection(ProjectDependencies) = postProject
		{6515626C-F40F-3F16-958A-90E035A39E34} = {6515626C-F40F-3F16-958A-90E035A39E34}
		{F15F233D-D960-3780-A644-4CBA0B67F0FF} = {F15F233D-D960-3780-A644-4CBA0B67F0FF}
		{1DA764E3-2BA8-3062-A75F-609703E7E2B9} = {1DA764E3-2BA8-3062-A75F-609703E7E2B9}
		{93A98F64-1C5A-3D76-95C7-35412B8C5CA3} = {93A98F64-1C5A-3D76-95C7-35412B8C5CA3}
		{3665E6AB-86A5-363B-8BC9-6888E0F35A55} = {3665E6AB-86A5-363B-8BC9-6888E0F35A55}
		{AFDD1543-DB52-341F-8EFE-7FBEAFFB91F9} = {AFDD1543-DB52-341F-8EFE-7FBEAFFB91F9}
		{4190993B-6156-3847-B36C-47679A59AFAB} = {4190993B-6156-3847-B36C-47679A59AFAB}
		{968E6A7E-FAED-3F1A-B411-9E55361B8BB9} = {968E6A7E-FAED-3F1A-B411-9E55361B8BB9}
	EndProjectSection
EndProject
Project("{8BC9CEB8-8B4A-11D0-8D11-00A0C91BC942}") = "INSTALL", "INSTALL.vcxproj", "{9F34716F-671F-381F-B7A6-B627440E0BED}"
	ProjectSection(ProjectDependencies) = postProject
		{31504B99-4A98-355F-966F-AE59617AFBF6} = {31504B99-4A98-355F-966F-AE59617AFBF6}
		{1DA764E3-2BA8-3062-A75F-609703E7E2B9} = {1DA764E3-2BA8-3062-A75F-609703E7E2B9}
	EndProjectSection
EndProject
Project("{8BC9CEB8-8B4A-11D0-8D11-00A0C91BC942}") = "SDL3_gfx_Static", "Depencies\SDL3_gfx\SDL3_gfx_Static.vcxproj", "{6515626C-F40F-3F16-958A-90E035A39E34}"
	ProjectSection(ProjectDependencies) = postProject
		{1DA764E3-2BA8-3062-A75F-609703E7E2B9} = {1DA764E3-2BA8-3062-A75F-609703E7E2B9}
	EndProjectSection
EndProject
Project("{8BC9CEB8-8B4A-11D0-8D11-00A0C91BC942}") = "Starter", "GearX\Starter.vcxproj", "{F15F233D-D960-3780-A644-4CBA0B67F0FF}"
	ProjectSection(ProjectDependencies) = postProject
		{6515626C-F40F-3F16-958A-90E035A39E34} = {6515626C-F40F-3F16-958A-90E035A39E34}
		{1DA764E3-2BA8-3062-A75F-609703E7E2B9} = {1DA764E3-2BA8-3062-A75F-609703E7E2B9}
		{93A98F64-1C5A-3D76-95C7-35412B8C5CA3} = {93A98F64-1C5A-3D76-95C7-35412B8C5CA3}
		{3665E6AB-86A5-363B-8BC9-6888E0F35A55} = {3665E6AB-86A5-363B-8BC9-6888E0F35A55}
		{AFDD1543-DB52-341F-8EFE-7FBEAFFB91F9} = {AFDD1543-DB52-341F-8EFE-7FBEAFFB91F9}
		{4190993B-6156-3847-B36C-47679A59AFAB} = {4190993B-6156-3847-B36C-47679A59AFAB}
		{968E6A7E-FAED-3F1A-B411-9E55361B8BB9} = {968E6A7E-FAED-3F1A-B411-9E55361B8BB9}
	EndProjectSection
EndProject
Project("{8BC9CEB8-8B4A-11D0-8D11-00A0C91BC942}") = "ZERO_CHECK", "ZERO_CHECK.vcxproj", "{1DA764E3-2BA8-3062-A75F-609703E7E2B9}"
	ProjectSection(ProjectDependencies) = postProject
	EndProjectSection
EndProject
Project("{8BC9CEB8-8B4A-11D0-8D11-00A0C91BC942}") = "box2d", "Depencies\box2d\src\box2d.vcxproj", "{93A98F64-1C5A-3D76-95C7-35412B8C5CA3}"
	ProjectSection(ProjectDependencies) = postProject
		{1DA764E3-2BA8-3062-A75F-609703E7E2B9} = {1DA764E3-2BA8-3062-A75F-609703E7E2B9}
	EndProjectSection
EndProject
Project("{8BC9CEB8-8B4A-11D0-8D11-00A0C91BC942}") = "imgui", "GearX\runtime\imgui.vcxproj", "{3665E6AB-86A5-363B-8BC9-6888E0F35A55}"
	ProjectSection(ProjectDependencies) = postProject
		{1DA764E3-2BA8-3062-A75F-609703E7E2B9} = {1DA764E3-2BA8-3062-A75F-609703E7E2B9}
	EndProjectSection
EndProject
Project("{8BC9CEB8-8B4A-11D0-8D11-00A0C91BC942}") = "lua54", "Depencies\lua\lua54.vcxproj", "{AFDD1543-DB52-341F-8EFE-7FBEAFFB91F9}"
	ProjectSection(ProjectDependencies) = postProject
		{1DA764E3-2BA8-3062-A75F-609703E7E2B9} = {1DA764E3-2BA8-3062-A75F-609703E7E2B9}
	EndProjectSection
EndProject
Project("{8BC9CEB8-8B4A-11D0-8D11-00A0C91BC942}") = "rttr_core", "Depencies\rttr\src\rttr\rttr_core.vcxproj", "{4190993B-6156-3847-B36C-47679A59AFAB}"
	ProjectSection(ProjectDependencies) = postProject
		{1DA764E3-2BA8-3062-A75F-609703E7E2B9} = {1DA764E3-2BA8-3062-A75F-609703E7E2B9}
	EndProjectSection
EndProject
Project("{8BC9CEB8-8B4A-11D0-8D11-00A0C91BC942}") = "runtime", "GearX\runtime\runtime.vcxproj", "{968E6A7E-FAED-3F1A-B411-9E55361B8BB9}"
	ProjectSection(ProjectDependencies) = postProject
		{6515626C-F40F-3F16-958A-90E035A39E34} = {6515626C-F40F-3F16-958A-90E035A39E34}
		{1DA764E3-2BA8-3062-A75F-609703E7E2B9} = {1DA764E3-2BA8-3062-A75F-609703E7E2B9}
		{93A98F64-1C5A-3D76-95C7-35412B8C5CA3} = {93A98F64-1C5A-3D76-95C7-35412B8C5CA3}
		{3665E6AB-86A5-363B-8BC9-6888E0F35A55} = {3665E6AB-86A5-363B-8BC9-6888E0F35A55}
		{AFDD1543-DB52-341F-8EFE-7FBEAFFB91F9} = {AFDD1543-DB52-341F-8EFE-7FBEAFFB91F9}
		{4190993B-6156-3847-B36C-47679A59AFAB} = {4190993B-6156-3847-B36C-47679A59AFAB}
	EndProjectSection
EndProject
Global
	GlobalSection(SolutionConfigurationPlatforms) = preSolution
		Debug|x64 = Debug|x64
		Release|x64 = Release|x64
		MinSizeRel|x64 = MinSizeRel|x64
		RelWithDebInfo|x64 = RelWithDebInfo|x64
	EndGlobalSection
	GlobalSection(ProjectConfigurationPlatforms) = postSolution
		{31504B99-4A98-355F-966F-AE59617AFBF6}.Debug|x64.ActiveCfg = Debug|x64
		{31504B99-4A98-355F-966F-AE59617AFBF6}.Debug|x64.Build.0 = Debug|x64
		{31504B99-4A98-355F-966F-AE59617AFBF6}.Release|x64.ActiveCfg = Release|x64
		{31504B99-4A98-355F-966F-AE59617AFBF6}.Release|x64.Build.0 = Release|x64
		{31504B99-4A98-355F-966F-AE59617AFBF6}.MinSizeRel|x64.ActiveCfg = MinSizeRel|x64
		{31504B99-4A98-355F-966F-AE59617AFBF6}.MinSizeRel|x64.Build.0 = MinSizeRel|x64
		{31504B99-4A98-355F-966F-AE59617AFBF6}.RelWithDebInfo|x64.ActiveCfg = RelWithDebInfo|x64
		{31504B99-4A98-355F-966F-AE59617AFBF6}.RelWithDebInfo|x64.Build.0 = RelWithDebInfo|x64
		{B7D91435-2A7C-312F-89F4-75E782E00143}.Debug|x64.ActiveCfg = Debug|x64
		{B7D91435-2A7C-312F-89F4-75E782E00143}.Debug|x64.Build.0 = Debug|x64
		{B7D91435-2A7C-312F-89F4-75E782E00143}.Release|x64.ActiveCfg = Release|x64
		{B7D91435-2A7C-312F-89F4-75E782E00143}.Release|x64.Build.0 = Release|x64
		{B7D91435-2A7C-312F-89F4-75E782E00143}.MinSizeRel|x64.ActiveCfg = MinSizeRel|x64
		{B7D91435-2A7C-312F-89F4-75E782E00143}.MinSizeRel|x64.Build.0 = MinSizeRel|x64
		{B7D91435-2A7C-312F-89F4-75E782E00143}.RelWithDebInfo|x64.ActiveCfg = RelWithDebInfo|x64
		{B7D91435-2A7C-312F-89F4-75E782E00143}.RelWithDebInfo|x64.Build.0 = RelWithDebInfo|x64
		{39C2385D-0E4B-346C-8C68-4CD5ADA83EF0}.Debug|x64.ActiveCfg = Debug|x64
		{39C2385D-0E4B-346C-8C68-4CD5ADA83EF0}.Debug|x64.Build.0 = Debug|x64
		{39C2385D-0E4B-346C-8C68-4CD5ADA83EF0}.Release|x64.ActiveCfg = Release|x64
		{39C2385D-0E4B-346C-8C68-4CD5ADA83EF0}.Release|x64.Build.0 = Release|x64
		{39C2385D-0E4B-346C-8C68-4CD5ADA83EF0}.MinSizeRel|x64.ActiveCfg = MinSizeRel|x64
		{39C2385D-0E4B-346C-8C68-4CD5ADA83EF0}.MinSizeRel|x64.Build.0 = MinSizeRel|x64
		{39C2385D-0E4B-346C-8C68-4CD5ADA83EF0}.RelWithDebInfo|x64.ActiveCfg = RelWithDebInfo|x64
		{39C2385D-0E4B-346C-8C68-4CD5ADA83EF0}.RelWithDebInfo|x64.Build.0 = RelWithDebInfo|x64
		{1259E8E0-18BB-3463-B8CF-F3AE96B59850}.Debug|x64.ActiveCfg = Debug|x64
		{1259E8E0-18BB-3463-B8CF-F3AE96B59850}.Debug|x64.Build.0 = Debug|x64
		{1259E8E0-18BB-3463-B8CF-F3AE96B59850}.Release|x64.ActiveCfg = Release|x64
		{1259E8E0-18BB-3463-B8CF-F3AE96B59850}.Release|x64.Build.0 = Release|x64
		{1259E8E0-18BB-3463-B8CF-F3AE96B59850}.MinSizeRel|x64.ActiveCfg = MinSizeRel|x64
		{1259E8E0-18BB-3463-B8CF-F3AE96B59850}.MinSizeRel|x64.Build.0 = MinSizeRel|x64
		{1259E8E0-18BB-3463-B8CF-F3AE96B59850}.RelWithDebInfo|x64.ActiveCfg = RelWithDebInfo|x64
		{1259E8E0-18BB-3463-B8CF-F3AE96B59850}.RelWithDebInfo|x64.Build.0 = RelWithDebInfo|x64
		{9F34716F-671F-381F-B7A6-B627440E0BED}.Debug|x64.ActiveCfg = Debug|x64
		{9F34716F-671F-381F-B7A6-B627440E0BED}.Release|x64.ActiveCfg = Release|x64
		{9F34716F-671F-381F-B7A6-B627440E0BED}.MinSizeRel|x64.ActiveCfg = MinSizeRel|x64
		{9F34716F-671F-381F-B7A6-B627440E0BED}.RelWithDebInfo|x64.ActiveCfg = RelWithDebInfo|x64
		{6515626C-F40F-3F16-958A-90E035A39E34}.Debug|x64.ActiveCfg = Debug|x64
		{6515626C-F40F-3F16-958A-90E035A39E34}.Debug|x64.Build.0 = Debug|x64
		{6515626C-F40F-3F16-958A-90E035A39E34}.Release|x64.ActiveCfg = Release|x64
		{6515626C-F40F-3F16-958A-90E035A39E34}.Release|x64.Build.0 = Release|x64
		{6515626C-F40F-3F16-958A-90E035A39E34}.MinSizeRel|x64.ActiveCfg = MinSizeRel|x64
		{6515626C-F40F-3F16-958A-90E035A39E34}.MinSizeRel|x64.Build.0 = MinSizeRel|x64
		{6515626C-F40F-3F16-958A-90E035A39E34}.RelWithDebInfo|x64.ActiveCfg = RelWithDebInfo|x64
		{6515626C-F40F-3F16-958A-90E035A39E34}.RelWithDebInfo|x64.Build.0 = RelWithDebInfo|x64
		{F15F233D-D960-3780-A644-4CBA0B67F0FF}.Debug|x64.ActiveCfg = Debug|x64
		{F15F233D-D960-3780-A644-4CBA0B67F0FF}.Debug|x64.Build.0 = Debug|x64
		{F15F233D-D960-3780-A644-4CBA0B67F0FF}.Release|x64.ActiveCfg = Release|x64
		{F15F233D-D960-3780-A644-4CBA0B67F0FF}.Release|x64.Build.0 = Release|x64
		{F15F233D-D960-3780-A644-4CBA0B67F0FF}.MinSizeRel|x64.ActiveCfg = MinSizeRel|x64
		{F15F233D-D960-3780-A644-4CBA0B67F0FF}.MinSizeRel|x64.Build.0 = MinSizeRel|x64
		{F15F233D-D960-3780-A644-4CBA0B67F0FF}.RelWithDebInfo|x64.ActiveCfg = RelWithDebInfo|x64
		{F15F233D-D960-3780-A644-4CBA0B67F0FF}.RelWithDebInfo|x64.Build.0 = RelWithDebInfo|x64
		{1DA764E3-2BA8-3062-A75F-609703E7E2B9}.Debug|x64.ActiveCfg = Debug|x64
		{1DA764E3-2BA8-3062-A75F-609703E7E2B9}.Debug|x64.Build.0 = Debug|x64
		{1DA764E3-2BA8-3062-A75F-609703E7E2B9}.Release|x64.ActiveCfg = Release|x64
		{1DA764E3-2BA8-3062-A75F-609703E7E2B9}.Release|x64.Build.0 = Release|x64
		{1DA764E3-2BA8-3062-A75F-609703E7E2B9}.MinSizeRel|x64.ActiveCfg = MinSizeRel|x64
		{1DA764E3-2BA8-3062-A75F-609703E7E2B9}.MinSizeRel|x64.Build.0 = MinSizeRel|x64
		{1DA764E3-2BA8-3062-A75F-609703E7E2B9}.RelWithDebInfo|x64.ActiveCfg = RelWithDebInfo|x64
		{1DA764E3-2BA8-3062-A75F-609703E7E2B9}.RelWithDebInfo|x64.Build.0 = RelWithDebInfo|x64
		{93A98F64-1C5A-3D76-95C7-35412B8C5CA3}.Debug|x64.ActiveCfg = Debug|x64
		{93A98F64-1C5A-3D76-95C7-35412B8C5CA3}.Debug|x64.Build.0 = Debug|x64
		{93A98F64-1C5A-3D76-95C7-35412B8C5CA3}.Release|x64.ActiveCfg = Release|x64
		{93A98F64-1C5A-3D76-95C7-35412B8C5CA3}.Release|x64.Build.0 = Release|x64
		{93A98F64-1C5A-3D76-95C7-35412B8C5CA3}.MinSizeRel|x64.ActiveCfg = MinSizeRel|x64
		{93A98F64-1C5A-3D76-95C7-35412B8C5CA3}.MinSizeRel|x64.Build.0 = MinSizeRel|x64
		{93A98F64-1C5A-3D76-95C7-35412B8C5CA3}.RelWithDebInfo|x64.ActiveCfg = RelWithDebInfo|x64
		{93A98F64-1C5A-3D76-95C7-35412B8C5CA3}.RelWithDebInfo|x64.Build.0 = RelWithDebInfo|x64
		{3665E6AB-86A5-363B-8BC9-6888E0F35A55}.Debug|x64.ActiveCfg = Debug|x64
		{3665E6AB-86A5-363B-8BC9-6888E0F35A55}.Debug|x64.Build.0 = Debug|x64
		{3665E6AB-86A5-363B-8BC9-6888E0F35A55}.Release|x64.ActiveCfg = Release|x64
		{3665E6AB-86A5-363B-8BC9-6888E0F35A55}.Release|x64.Build.0 = Release|x64
		{3665E6AB-86A5-363B-8BC9-6888E0F35A55}.MinSizeRel|x64.ActiveCfg = MinSizeRel|x64
		{3665E6AB-86A5-363B-8BC9-6888E0F35A55}.MinSizeRel|x64.Build.0 = MinSizeRel|x64
		{3665E6AB-86A5-363B-8BC9-6888E0F35A55}.RelWithDebInfo|x64.ActiveCfg = RelWithDebInfo|x64
		{3665E6AB-86A5-363B-8BC9-6888E0F35A55}.RelWithDebInfo|x64.Build.0 = RelWithDebInfo|x64
		{AFDD1543-DB52-341F-8EFE-7FBEAFFB91F9}.Debug|x64.ActiveCfg = Debug|x64
		{AFDD1543-DB52-341F-8EFE-7FBEAFFB91F9}.Debug|x64.Build.0 = Debug|x64
		{AFDD1543-DB52-341F-8EFE-7FBEAFFB91F9}.Release|x64.ActiveCfg = Release|x64
		{AFDD1543-DB52-341F-8EFE-7FBEAFFB91F9}.Release|x64.Build.0 = Release|x64
		{AFDD1543-DB52-341F-8EFE-7FBEAFFB91F9}.MinSizeRel|x64.ActiveCfg = MinSizeRel|x64
		{AFDD1543-DB52-341F-8EFE-7FBEAFFB91F9}.MinSizeRel|x64.Build.0 = MinSizeRel|x64
		{AFDD1543-DB52-341F-8EFE-7FBEAFFB91F9}.RelWithDebInfo|x64.ActiveCfg = RelWithDebInfo|x64
		{AFDD1543-DB52-341F-8EFE-7FBEAFFB91F9}.RelWithDebInfo|x64.Build.0 = RelWithDebInfo|x64
		{4190993B-6156-3847-B36C-47679A59AFAB}.Debug|x64.ActiveCfg = Debug|x64
		{4190993B-6156-3847-B36C-47679A59AFAB}.Debug|x64.Build.0 = Debug|x64
		{4190993B-6156-3847-B36C-47679A59AFAB}.Release|x64.ActiveCfg = Release|x64
		{4190993B-6156-3847-B36C-47679A59AFAB}.Release|x64.Build.0 = Release|x64
		{4190993B-6156-3847-B36C-47679A59AFAB}.MinSizeRel|x64.ActiveCfg = MinSizeRel|x64
		{4190993B-6156-3847-B36C-47679A59AFAB}.MinSizeRel|x64.Build.0 = MinSizeRel|x64
		{4190993B-6156-3847-B36C-47679A59AFAB}.RelWithDebInfo|x64.ActiveCfg = RelWithDebInfo|x64
		{4190993B-6156-3847-B36C-47679A59AFAB}.RelWithDebInfo|x64.Build.0 = RelWithDebInfo|x64
		{968E6A7E-FAED-3F1A-B411-9E55361B8BB9}.Debug|x64.ActiveCfg = Debug|x64
		{968E6A7E-FAED-3F1A-B411-9E55361B8BB9}.Debug|x64.Build.0 = Debug|x64
		{968E6A7E-FAED-3F1A-B411-9E55361B8BB9}.Release|x64.ActiveCfg = Release|x64
		{968E6A7E-FAED-3F1A-B411-9E55361B8BB9}.Release|x64.Build.0 = Release|x64
		{968E6A7E-FAED-3F1A-B411-9E55361B8BB9}.MinSizeRel|x64.ActiveCfg = MinSizeRel|x64
		{968E6A7E-FAED-3F1A-B411-9E55361B8BB9}.MinSizeRel|x64.Build.0 = MinSizeRel|x64
		{968E6A7E-FAED-3F1A-B411-9E55361B8BB9}.RelWithDebInfo|x64.ActiveCfg = RelWithDebInfo|x64
		{968E6A7E-FAED-3F1A-B411-9E55361B8BB9}.RelWithDebInfo|x64.Build.0 = RelWithDebInfo|x64
	EndGlobalSection
	GlobalSection(NestedProjects) = preSolution
		{31504B99-4A98-355F-966F-AE59617AFBF6} = {24C25767-FE84-3EC7-B0C8-A09A857E3581}
		{9F34716F-671F-381F-B7A6-B627440E0BED} = {24C25767-FE84-3EC7-B0C8-A09A857E3581}
		{1DA764E3-2BA8-3062-A75F-609703E7E2B9} = {24C25767-FE84-3EC7-B0C8-A09A857E3581}
	EndGlobalSection
	GlobalSection(ExtensibilityGlobals) = postSolution
		SolutionGuid = {D3CD025C-D420-3441-9801-E4678BF24708}
	EndGlobalSection
	GlobalSection(ExtensibilityAddIns) = postSolution
	EndGlobalSection
EndGlobal
