<?xml version="1.0" encoding="utf-8"?>
<Project ToolsVersion="17.0" xmlns="http://schemas.microsoft.com/developer/msbuild/2003">
  <ItemGroup>
    <ClCompile Include="G:\Android_Project\CppAndroidApplication\GearX_dev\test\Depencies\rttr\src\rttr\pch.cpp">
      <Filter>Generated Files</Filter>
    </ClCompile>
    <ClCompile Include="G:\Android_Project\CppAndroidApplication\GearX_dev\Depencies\rttr\src\rttr\constructor.cpp">
      <Filter>Source Files</Filter>
    </ClCompile>
    <ClCompile Include="G:\Android_Project\CppAndroidApplication\GearX_dev\Depencies\rttr\src\rttr\destructor.cpp">
      <Filter>Source Files</Filter>
    </ClCompile>
    <ClCompile Include="G:\Android_Project\CppAndroidApplication\GearX_dev\Depencies\rttr\src\rttr\enumeration.cpp">
      <Filter>Source Files</Filter>
    </ClCompile>
    <ClCompile Include="G:\Android_Project\CppAndroidApplication\GearX_dev\Depencies\rttr\src\rttr\method.cpp">
      <Filter>Source Files</Filter>
    </ClCompile>
    <ClCompile Include="G:\Android_Project\CppAndroidApplication\GearX_dev\Depencies\rttr\src\rttr\parameter_info.cpp">
      <Filter>Source Files</Filter>
    </ClCompile>
    <ClCompile Include="G:\Android_Project\CppAndroidApplication\GearX_dev\Depencies\rttr\src\rttr\policy.cpp">
      <Filter>Source Files</Filter>
    </ClCompile>
    <ClCompile Include="G:\Android_Project\CppAndroidApplication\GearX_dev\Depencies\rttr\src\rttr\property.cpp">
      <Filter>Source Files</Filter>
    </ClCompile>
    <ClCompile Include="G:\Android_Project\CppAndroidApplication\GearX_dev\Depencies\rttr\src\rttr\registration.cpp">
      <Filter>Source Files</Filter>
    </ClCompile>
    <ClCompile Include="G:\Android_Project\CppAndroidApplication\GearX_dev\Depencies\rttr\src\rttr\type.cpp">
      <Filter>Source Files</Filter>
    </ClCompile>
    <ClCompile Include="G:\Android_Project\CppAndroidApplication\GearX_dev\Depencies\rttr\src\rttr\variant.cpp">
      <Filter>Source Files</Filter>
    </ClCompile>
    <ClCompile Include="G:\Android_Project\CppAndroidApplication\GearX_dev\Depencies\rttr\src\rttr\variant_array_view.cpp">
      <Filter>Source Files</Filter>
    </ClCompile>
    <ClCompile Include="G:\Android_Project\CppAndroidApplication\GearX_dev\Depencies\rttr\src\rttr\detail\misc\compare_equal.cpp">
      <Filter>detail\misc</Filter>
    </ClCompile>
    <ClCompile Include="G:\Android_Project\CppAndroidApplication\GearX_dev\Depencies\rttr\src\rttr\detail\misc\compare_less.cpp">
      <Filter>detail\misc</Filter>
    </ClCompile>
    <ClCompile Include="G:\Android_Project\CppAndroidApplication\GearX_dev\Depencies\rttr\src\rttr\detail\misc\standard_types.cpp">
      <Filter>detail\misc</Filter>
    </ClCompile>
    <ClCompile Include="G:\Android_Project\CppAndroidApplication\GearX_dev\Depencies\rttr\src\rttr\detail\conversion\std_conversion_functions.cpp">
      <Filter>detail\conversion</Filter>
    </ClCompile>
    <ClCompile Include="G:\Android_Project\CppAndroidApplication\GearX_dev\Depencies\rttr\src\rttr\detail\constructor\constructor_wrapper_base.cpp">
      <Filter>detail\constructor</Filter>
    </ClCompile>
    <ClCompile Include="G:\Android_Project\CppAndroidApplication\GearX_dev\Depencies\rttr\src\rttr\detail\destructor\destructor_wrapper_base.cpp">
      <Filter>detail\destructor</Filter>
    </ClCompile>
    <ClCompile Include="G:\Android_Project\CppAndroidApplication\GearX_dev\Depencies\rttr\src\rttr\detail\enumeration\enumeration_helper.cpp">
      <Filter>detail\enumeration</Filter>
    </ClCompile>
    <ClCompile Include="G:\Android_Project\CppAndroidApplication\GearX_dev\Depencies\rttr\src\rttr\detail\enumeration\enumeration_wrapper_base.cpp">
      <Filter>detail\enumeration</Filter>
    </ClCompile>
    <ClCompile Include="G:\Android_Project\CppAndroidApplication\GearX_dev\Depencies\rttr\src\rttr\detail\method\method_wrapper_base.cpp">
      <Filter>detail\method</Filter>
    </ClCompile>
    <ClCompile Include="G:\Android_Project\CppAndroidApplication\GearX_dev\Depencies\rttr\src\rttr\detail\parameter_info\parameter_info_wrapper_base.cpp">
      <Filter>detail\parameter_info</Filter>
    </ClCompile>
    <ClCompile Include="G:\Android_Project\CppAndroidApplication\GearX_dev\Depencies\rttr\src\rttr\detail\property\property_wrapper_base.cpp">
      <Filter>detail\property</Filter>
    </ClCompile>
    <ClCompile Include="G:\Android_Project\CppAndroidApplication\GearX_dev\Depencies\rttr\src\rttr\detail\registration\registration_executer.cpp">
      <Filter>detail\registration</Filter>
    </ClCompile>
    <ClCompile Include="G:\Android_Project\CppAndroidApplication\GearX_dev\Depencies\rttr\src\rttr\detail\type\type_database.cpp">
      <Filter>detail\type</Filter>
    </ClCompile>
    <ClCompile Include="G:\Android_Project\CppAndroidApplication\GearX_dev\Depencies\rttr\src\rttr\detail\type\type_register.cpp">
      <Filter>detail\type</Filter>
    </ClCompile>
    <ClCompile Include="G:\Android_Project\CppAndroidApplication\GearX_dev\Depencies\rttr\src\rttr\detail\variant\variant_compare_less.cpp">
      <Filter>detail\variant</Filter>
    </ClCompile>
  </ItemGroup>
  <ItemGroup>
    <ClInclude Include="G:\Android_Project\CppAndroidApplication\GearX_dev\Depencies\rttr\src\rttr\detail\base\pch.h">
      <Filter>detail\base</Filter>
    </ClInclude>
    <ClInclude Include="G:\Android_Project\CppAndroidApplication\GearX_dev\test\Depencies\rttr\src\rttr\detail\base\version.h">
      <Filter>detail\base</Filter>
    </ClInclude>
    <ClInclude Include="G:\Android_Project\CppAndroidApplication\GearX_dev\Depencies\rttr\src\rttr\access_levels.h">
      <Filter>Header Files</Filter>
    </ClInclude>
    <ClInclude Include="G:\Android_Project\CppAndroidApplication\GearX_dev\Depencies\rttr\src\rttr\argument.h">
      <Filter>Header Files</Filter>
    </ClInclude>
    <ClInclude Include="G:\Android_Project\CppAndroidApplication\GearX_dev\Depencies\rttr\src\rttr\array_mapper.h">
      <Filter>Header Files</Filter>
    </ClInclude>
    <ClInclude Include="G:\Android_Project\CppAndroidApplication\GearX_dev\Depencies\rttr\src\rttr\constructor.h">
      <Filter>Header Files</Filter>
    </ClInclude>
    <ClInclude Include="G:\Android_Project\CppAndroidApplication\GearX_dev\Depencies\rttr\src\rttr\destructor.h">
      <Filter>Header Files</Filter>
    </ClInclude>
    <ClInclude Include="G:\Android_Project\CppAndroidApplication\GearX_dev\Depencies\rttr\src\rttr\enumeration.h">
      <Filter>Header Files</Filter>
    </ClInclude>
    <ClInclude Include="G:\Android_Project\CppAndroidApplication\GearX_dev\Depencies\rttr\src\rttr\instance.h">
      <Filter>Header Files</Filter>
    </ClInclude>
    <ClInclude Include="G:\Android_Project\CppAndroidApplication\GearX_dev\Depencies\rttr\src\rttr\method.h">
      <Filter>Header Files</Filter>
    </ClInclude>
    <ClInclude Include="G:\Android_Project\CppAndroidApplication\GearX_dev\Depencies\rttr\src\rttr\policy.h">
      <Filter>Header Files</Filter>
    </ClInclude>
    <ClInclude Include="G:\Android_Project\CppAndroidApplication\GearX_dev\Depencies\rttr\src\rttr\property.h">
      <Filter>Header Files</Filter>
    </ClInclude>
    <ClInclude Include="G:\Android_Project\CppAndroidApplication\GearX_dev\Depencies\rttr\src\rttr\parameter_info.h">
      <Filter>Header Files</Filter>
    </ClInclude>
    <ClInclude Include="G:\Android_Project\CppAndroidApplication\GearX_dev\Depencies\rttr\src\rttr\registration.h">
      <Filter>Header Files</Filter>
    </ClInclude>
    <ClInclude Include="G:\Android_Project\CppAndroidApplication\GearX_dev\Depencies\rttr\src\rttr\rttr_cast.h">
      <Filter>Header Files</Filter>
    </ClInclude>
    <ClInclude Include="G:\Android_Project\CppAndroidApplication\GearX_dev\Depencies\rttr\src\rttr\rttr_enable.h">
      <Filter>Header Files</Filter>
    </ClInclude>
    <ClInclude Include="G:\Android_Project\CppAndroidApplication\GearX_dev\Depencies\rttr\src\rttr\type.h">
      <Filter>Header Files</Filter>
    </ClInclude>
    <ClInclude Include="G:\Android_Project\CppAndroidApplication\GearX_dev\Depencies\rttr\src\rttr\variant.h">
      <Filter>Header Files</Filter>
    </ClInclude>
    <ClInclude Include="G:\Android_Project\CppAndroidApplication\GearX_dev\Depencies\rttr\src\rttr\variant_array_view.h">
      <Filter>Header Files</Filter>
    </ClInclude>
    <ClInclude Include="G:\Android_Project\CppAndroidApplication\GearX_dev\Depencies\rttr\src\rttr\wrapper_mapper.h">
      <Filter>Header Files</Filter>
    </ClInclude>
    <ClInclude Include="G:\Android_Project\CppAndroidApplication\GearX_dev\Depencies\rttr\src\rttr\detail\array\array_accessor.h">
      <Filter>detail\array</Filter>
    </ClInclude>
    <ClInclude Include="G:\Android_Project\CppAndroidApplication\GearX_dev\Depencies\rttr\src\rttr\detail\array\array_accessor_impl.h">
      <Filter>detail\array</Filter>
    </ClInclude>
    <ClInclude Include="G:\Android_Project\CppAndroidApplication\GearX_dev\Depencies\rttr\src\rttr\detail\array\array_mapper_impl.h">
      <Filter>detail\array</Filter>
    </ClInclude>
    <ClInclude Include="G:\Android_Project\CppAndroidApplication\GearX_dev\Depencies\rttr\src\rttr\detail\array\array_wrapper.h">
      <Filter>detail\array</Filter>
    </ClInclude>
    <ClInclude Include="G:\Android_Project\CppAndroidApplication\GearX_dev\Depencies\rttr\src\rttr\detail\array\array_wrapper_base.h">
      <Filter>detail\array</Filter>
    </ClInclude>
    <ClInclude Include="G:\Android_Project\CppAndroidApplication\GearX_dev\Depencies\rttr\src\rttr\detail\base\core_prerequisites.h">
      <Filter>detail\base</Filter>
    </ClInclude>
    <ClInclude Include="G:\Android_Project\CppAndroidApplication\GearX_dev\Depencies\rttr\src\rttr\detail\constructor\constructor_invoker.h">
      <Filter>detail\constructor</Filter>
    </ClInclude>
    <ClInclude Include="G:\Android_Project\CppAndroidApplication\GearX_dev\Depencies\rttr\src\rttr\detail\constructor\constructor_wrapper.h">
      <Filter>detail\constructor</Filter>
    </ClInclude>
    <ClInclude Include="G:\Android_Project\CppAndroidApplication\GearX_dev\Depencies\rttr\src\rttr\detail\constructor\constructor_wrapper_defaults.h">
      <Filter>detail\constructor</Filter>
    </ClInclude>
    <ClInclude Include="G:\Android_Project\CppAndroidApplication\GearX_dev\Depencies\rttr\src\rttr\detail\constructor\constructor_wrapper_base.h">
      <Filter>detail\constructor</Filter>
    </ClInclude>
    <ClInclude Include="G:\Android_Project\CppAndroidApplication\GearX_dev\Depencies\rttr\src\rttr\detail\conversion\std_conversion_functions.h">
      <Filter>detail\conversion</Filter>
    </ClInclude>
    <ClInclude Include="G:\Android_Project\CppAndroidApplication\GearX_dev\Depencies\rttr\src\rttr\detail\conversion\number_conversion.h">
      <Filter>detail\conversion</Filter>
    </ClInclude>
    <ClInclude Include="G:\Android_Project\CppAndroidApplication\GearX_dev\Depencies\rttr\src\rttr\detail\default_arguments\default_arguments.h">
      <Filter>detail\default_arguments</Filter>
    </ClInclude>
    <ClInclude Include="G:\Android_Project\CppAndroidApplication\GearX_dev\Depencies\rttr\src\rttr\detail\default_arguments\invoke_with_defaults.h">
      <Filter>detail\default_arguments</Filter>
    </ClInclude>
    <ClInclude Include="G:\Android_Project\CppAndroidApplication\GearX_dev\Depencies\rttr\src\rttr\detail\destructor\destructor_wrapper.h">
      <Filter>detail\destructor</Filter>
    </ClInclude>
    <ClInclude Include="G:\Android_Project\CppAndroidApplication\GearX_dev\Depencies\rttr\src\rttr\detail\destructor\destructor_wrapper_base.h">
      <Filter>detail\destructor</Filter>
    </ClInclude>
    <ClInclude Include="G:\Android_Project\CppAndroidApplication\GearX_dev\Depencies\rttr\src\rttr\detail\enumeration\enumeration_helper.h">
      <Filter>detail\enumeration</Filter>
    </ClInclude>
    <ClInclude Include="G:\Android_Project\CppAndroidApplication\GearX_dev\Depencies\rttr\src\rttr\detail\enumeration\enumeration_wrapper.h">
      <Filter>detail\enumeration</Filter>
    </ClInclude>
    <ClInclude Include="G:\Android_Project\CppAndroidApplication\GearX_dev\Depencies\rttr\src\rttr\detail\enumeration\enumeration_wrapper_base.h">
      <Filter>detail\enumeration</Filter>
    </ClInclude>
    <ClInclude Include="G:\Android_Project\CppAndroidApplication\GearX_dev\Depencies\rttr\src\rttr\detail\enumeration\enum_data.h">
      <Filter>detail\enumeration</Filter>
    </ClInclude>
    <ClInclude Include="G:\Android_Project\CppAndroidApplication\GearX_dev\Depencies\rttr\src\rttr\detail\impl\argument_impl.h">
      <Filter>detail\impl</Filter>
    </ClInclude>
    <ClInclude Include="G:\Android_Project\CppAndroidApplication\GearX_dev\Depencies\rttr\src\rttr\detail\impl\instance_impl.h">
      <Filter>detail\impl</Filter>
    </ClInclude>
    <ClInclude Include="G:\Android_Project\CppAndroidApplication\GearX_dev\Depencies\rttr\src\rttr\detail\impl\rttr_cast_impl.h">
      <Filter>detail\impl</Filter>
    </ClInclude>
    <ClInclude Include="G:\Android_Project\CppAndroidApplication\GearX_dev\Depencies\rttr\src\rttr\detail\impl\wrapper_mapper_impl.h">
      <Filter>detail\impl</Filter>
    </ClInclude>
    <ClInclude Include="G:\Android_Project\CppAndroidApplication\GearX_dev\Depencies\rttr\src\rttr\detail\metadata\metadata.h">
      <Filter>detail\metadata</Filter>
    </ClInclude>
    <ClInclude Include="G:\Android_Project\CppAndroidApplication\GearX_dev\Depencies\rttr\src\rttr\detail\metadata\metadata_handler.h">
      <Filter>detail\metadata</Filter>
    </ClInclude>
    <ClInclude Include="G:\Android_Project\CppAndroidApplication\GearX_dev\Depencies\rttr\src\rttr\detail\method\method_accessor.h">
      <Filter>detail\method</Filter>
    </ClInclude>
    <ClInclude Include="G:\Android_Project\CppAndroidApplication\GearX_dev\Depencies\rttr\src\rttr\detail\method\method_invoker.h">
      <Filter>detail\method</Filter>
    </ClInclude>
    <ClInclude Include="G:\Android_Project\CppAndroidApplication\GearX_dev\Depencies\rttr\src\rttr\detail\method\method_wrapper.h">
      <Filter>detail\method</Filter>
    </ClInclude>
    <ClInclude Include="G:\Android_Project\CppAndroidApplication\GearX_dev\Depencies\rttr\src\rttr\detail\method\method_wrapper_base.h">
      <Filter>detail\method</Filter>
    </ClInclude>
    <ClInclude Include="G:\Android_Project\CppAndroidApplication\GearX_dev\Depencies\rttr\src\rttr\detail\misc\argument_wrapper.h">
      <Filter>detail\misc</Filter>
    </ClInclude>
    <ClInclude Include="G:\Android_Project\CppAndroidApplication\GearX_dev\Depencies\rttr\src\rttr\detail\misc\argument_extractor.h">
      <Filter>detail\misc</Filter>
    </ClInclude>
    <ClInclude Include="G:\Android_Project\CppAndroidApplication\GearX_dev\Depencies\rttr\src\rttr\detail\misc\compare_equal.h">
      <Filter>detail\misc</Filter>
    </ClInclude>
    <ClInclude Include="G:\Android_Project\CppAndroidApplication\GearX_dev\Depencies\rttr\src\rttr\detail\misc\compare_equal_impl.h">
      <Filter>detail\misc</Filter>
    </ClInclude>
    <ClInclude Include="G:\Android_Project\CppAndroidApplication\GearX_dev\Depencies\rttr\src\rttr\detail\misc\compare_less.h">
      <Filter>detail\misc</Filter>
    </ClInclude>
    <ClInclude Include="G:\Android_Project\CppAndroidApplication\GearX_dev\Depencies\rttr\src\rttr\detail\misc\compare_less_impl.h">
      <Filter>detail\misc</Filter>
    </ClInclude>
    <ClInclude Include="G:\Android_Project\CppAndroidApplication\GearX_dev\Depencies\rttr\src\rttr\detail\misc\data_address_container.h">
      <Filter>detail\misc</Filter>
    </ClInclude>
    <ClInclude Include="G:\Android_Project\CppAndroidApplication\GearX_dev\Depencies\rttr\src\rttr\detail\misc\function_traits.h">
      <Filter>detail\misc</Filter>
    </ClInclude>
    <ClInclude Include="G:\Android_Project\CppAndroidApplication\GearX_dev\Depencies\rttr\src\rttr\detail\misc\misc_type_traits.h">
      <Filter>detail\misc</Filter>
    </ClInclude>
    <ClInclude Include="G:\Android_Project\CppAndroidApplication\GearX_dev\Depencies\rttr\src\rttr\detail\misc\std_type_traits.h">
      <Filter>detail\misc</Filter>
    </ClInclude>
    <ClInclude Include="G:\Android_Project\CppAndroidApplication\GearX_dev\Depencies\rttr\src\rttr\detail\misc\utility.h">
      <Filter>detail\misc</Filter>
    </ClInclude>
    <ClInclude Include="G:\Android_Project\CppAndroidApplication\GearX_dev\Depencies\rttr\src\rttr\detail\parameter_info\parameter_infos.h">
      <Filter>detail\parameter_info</Filter>
    </ClInclude>
    <ClInclude Include="G:\Android_Project\CppAndroidApplication\GearX_dev\Depencies\rttr\src\rttr\detail\parameter_info\parameter_names.h">
      <Filter>detail\parameter_info</Filter>
    </ClInclude>
    <ClInclude Include="G:\Android_Project\CppAndroidApplication\GearX_dev\Depencies\rttr\src\rttr\detail\parameter_info\parameter_info_wrapper_base.h">
      <Filter>detail\parameter_info</Filter>
    </ClInclude>
    <ClInclude Include="G:\Android_Project\CppAndroidApplication\GearX_dev\Depencies\rttr\src\rttr\detail\parameter_info\parameter_info_wrapper.h">
      <Filter>detail\parameter_info</Filter>
    </ClInclude>
    <ClInclude Include="G:\Android_Project\CppAndroidApplication\GearX_dev\Depencies\rttr\src\rttr\detail\policies\prop_policies.h">
      <Filter>detail\policies</Filter>
    </ClInclude>
    <ClInclude Include="G:\Android_Project\CppAndroidApplication\GearX_dev\Depencies\rttr\src\rttr\detail\policies\meth_policies.h">
      <Filter>detail\policies</Filter>
    </ClInclude>
    <ClInclude Include="G:\Android_Project\CppAndroidApplication\GearX_dev\Depencies\rttr\src\rttr\detail\policies\ctor_policies.h">
      <Filter>detail\policies</Filter>
    </ClInclude>
    <ClInclude Include="G:\Android_Project\CppAndroidApplication\GearX_dev\Depencies\rttr\src\rttr\detail\property\property_accessor.h">
      <Filter>detail\property</Filter>
    </ClInclude>
    <ClInclude Include="G:\Android_Project\CppAndroidApplication\GearX_dev\Depencies\rttr\src\rttr\detail\property\property_wrapper.h">
      <Filter>detail\property</Filter>
    </ClInclude>
    <ClInclude Include="G:\Android_Project\CppAndroidApplication\GearX_dev\Depencies\rttr\src\rttr\detail\property\property_wrapper_base.h">
      <Filter>detail\property</Filter>
    </ClInclude>
    <ClInclude Include="G:\Android_Project\CppAndroidApplication\GearX_dev\Depencies\rttr\src\rttr\detail\property\property_wrapper_func.h">
      <Filter>detail\property</Filter>
    </ClInclude>
    <ClInclude Include="G:\Android_Project\CppAndroidApplication\GearX_dev\Depencies\rttr\src\rttr\detail\property\property_wrapper_member_func.h">
      <Filter>detail\property</Filter>
    </ClInclude>
    <ClInclude Include="G:\Android_Project\CppAndroidApplication\GearX_dev\Depencies\rttr\src\rttr\detail\property\property_wrapper_member_object.h">
      <Filter>detail\property</Filter>
    </ClInclude>
    <ClInclude Include="G:\Android_Project\CppAndroidApplication\GearX_dev\Depencies\rttr\src\rttr\detail\property\property_wrapper_object.h">
      <Filter>detail\property</Filter>
    </ClInclude>
    <ClInclude Include="G:\Android_Project\CppAndroidApplication\GearX_dev\Depencies\rttr\src\rttr\detail\registration\bind_types.h">
      <Filter>detail\registration</Filter>
    </ClInclude>
    <ClInclude Include="G:\Android_Project\CppAndroidApplication\GearX_dev\Depencies\rttr\src\rttr\detail\registration\bind_impl.h">
      <Filter>detail\registration</Filter>
    </ClInclude>
    <ClInclude Include="G:\Android_Project\CppAndroidApplication\GearX_dev\Depencies\rttr\src\rttr\detail\registration\registration_impl.h">
      <Filter>detail\registration</Filter>
    </ClInclude>
    <ClInclude Include="G:\Android_Project\CppAndroidApplication\GearX_dev\Depencies\rttr\src\rttr\detail\registration\registration_executer.h">
      <Filter>detail\registration</Filter>
    </ClInclude>
    <ClInclude Include="G:\Android_Project\CppAndroidApplication\GearX_dev\Depencies\rttr\src\rttr\detail\type\accessor_type.h">
      <Filter>detail\type</Filter>
    </ClInclude>
    <ClInclude Include="G:\Android_Project\CppAndroidApplication\GearX_dev\Depencies\rttr\src\rttr\detail\type\base_classes.h">
      <Filter>detail\type</Filter>
    </ClInclude>
    <ClInclude Include="G:\Android_Project\CppAndroidApplication\GearX_dev\Depencies\rttr\src\rttr\detail\type\get_create_variant_func.h">
      <Filter>detail\type</Filter>
    </ClInclude>
    <ClInclude Include="G:\Android_Project\CppAndroidApplication\GearX_dev\Depencies\rttr\src\rttr\detail\type\get_derived_info_func.h">
      <Filter>detail\type</Filter>
    </ClInclude>
    <ClInclude Include="G:\Android_Project\CppAndroidApplication\GearX_dev\Depencies\rttr\src\rttr\detail\type\type_converter.h">
      <Filter>detail\type</Filter>
    </ClInclude>
    <ClInclude Include="G:\Android_Project\CppAndroidApplication\GearX_dev\Depencies\rttr\src\rttr\detail\type\type_comparator.h">
      <Filter>detail\type</Filter>
    </ClInclude>
    <ClInclude Include="G:\Android_Project\CppAndroidApplication\GearX_dev\Depencies\rttr\src\rttr\detail\type\type_database_p.h">
      <Filter>detail\type</Filter>
    </ClInclude>
    <ClInclude Include="G:\Android_Project\CppAndroidApplication\GearX_dev\Depencies\rttr\src\rttr\detail\type\type_register.h">
      <Filter>detail\type</Filter>
    </ClInclude>
    <ClInclude Include="G:\Android_Project\CppAndroidApplication\GearX_dev\Depencies\rttr\src\rttr\detail\type\type_impl.h">
      <Filter>detail\type</Filter>
    </ClInclude>
    <ClInclude Include="G:\Android_Project\CppAndroidApplication\GearX_dev\Depencies\rttr\src\rttr\detail\variant\variant_compare_less.h">
      <Filter>detail\variant</Filter>
    </ClInclude>
    <ClInclude Include="G:\Android_Project\CppAndroidApplication\GearX_dev\Depencies\rttr\src\rttr\detail\variant\variant_data.h">
      <Filter>detail\variant</Filter>
    </ClInclude>
    <ClInclude Include="G:\Android_Project\CppAndroidApplication\GearX_dev\Depencies\rttr\src\rttr\detail\variant\variant_data_converter.h">
      <Filter>detail\variant</Filter>
    </ClInclude>
    <ClInclude Include="G:\Android_Project\CppAndroidApplication\GearX_dev\Depencies\rttr\src\rttr\detail\variant\variant_data_policy.h">
      <Filter>detail\variant</Filter>
    </ClInclude>
    <ClInclude Include="G:\Android_Project\CppAndroidApplication\GearX_dev\Depencies\rttr\src\rttr\detail\variant\variant_impl.h">
      <Filter>detail\variant</Filter>
    </ClInclude>
    <ClInclude Include="G:\Android_Project\CppAndroidApplication\GearX_dev\Depencies\rttr\src\rttr\detail\variant_array_view\variant_array_view_impl.h">
      <Filter>detail\variant_array_view</Filter>
    </ClInclude>
    <ClInclude Include="G:\Android_Project\CppAndroidApplication\GearX_dev\Depencies\rttr\src\rttr\detail\variant_array_view\variant_array_view_creator.h">
      <Filter>detail\variant_array_view</Filter>
    </ClInclude>
    <ClInclude Include="G:\Android_Project\CppAndroidApplication\GearX_dev\Depencies\rttr\src\rttr\detail\variant_array_view\variant_array_view_creator_impl.h">
      <Filter>detail\variant_array_view</Filter>
    </ClInclude>
    <ClInclude Include="G:\Android_Project\CppAndroidApplication\GearX_dev\Depencies\rttr\src\rttr\detail\variant_array_view\variant_array_view_traits.h">
      <Filter>detail\variant_array_view</Filter>
    </ClInclude>
  </ItemGroup>
  <ItemGroup>
    <CustomBuild Include="G:\Android_Project\CppAndroidApplication\GearX_dev\Depencies\rttr\src\rttr\CMakeLists.txt" />
  </ItemGroup>
  <ItemGroup>
    <None Include="G:\Android_Project\CppAndroidApplication\GearX_dev\Depencies\rttr\src\rttr\registration" />
    <None Include="G:\Android_Project\CppAndroidApplication\GearX_dev\Depencies\rttr\src\rttr\type" />
  </ItemGroup>
  <ItemGroup>
    <ResourceCompile Include="G:\Android_Project\CppAndroidApplication\GearX_dev\test\Depencies\rttr\src\rttr\detail\base\version.rc">
      <Filter>Generated Files</Filter>
    </ResourceCompile>
  </ItemGroup>
  <ItemGroup>
    <Filter Include="Generated Files">
      <UniqueIdentifier>{86C4CA7C-675F-3C65-9954-4429005AD8E8}</UniqueIdentifier>
    </Filter>
    <Filter Include="Header Files">
      <UniqueIdentifier>{6FDE749A-52F4-3ED3-9339-F83775585F07}</UniqueIdentifier>
    </Filter>
    <Filter Include="Source Files">
      <UniqueIdentifier>{FE207A57-B990-392B-A72A-49ED6C309927}</UniqueIdentifier>
    </Filter>
    <Filter Include="detail">
      <UniqueIdentifier>{8130FC4F-44FC-349A-8A74-D6C415823FBA}</UniqueIdentifier>
    </Filter>
    <Filter Include="detail\array">
      <UniqueIdentifier>{74A49611-0395-39FC-A7B4-CEEFF0D8A5CA}</UniqueIdentifier>
    </Filter>
    <Filter Include="detail\base">
      <UniqueIdentifier>{5323C961-CA52-3742-89F0-CFE61278826F}</UniqueIdentifier>
    </Filter>
    <Filter Include="detail\constructor">
      <UniqueIdentifier>{D07F7BA5-3181-3869-9BCD-681620FE011C}</UniqueIdentifier>
    </Filter>
    <Filter Include="detail\conversion">
      <UniqueIdentifier>{705F84ED-50C5-3678-8A33-F516D441CD11}</UniqueIdentifier>
    </Filter>
    <Filter Include="detail\default_arguments">
      <UniqueIdentifier>{CC477DB6-F559-3823-9F03-3AC5432018EC}</UniqueIdentifier>
    </Filter>
    <Filter Include="detail\destructor">
      <UniqueIdentifier>{8E5B1314-C215-38DF-8D4F-AC4AC6051CD5}</UniqueIdentifier>
    </Filter>
    <Filter Include="detail\enumeration">
      <UniqueIdentifier>{91B8340A-AADC-3C4B-BA06-FA4542DBBC97}</UniqueIdentifier>
    </Filter>
    <Filter Include="detail\impl">
      <UniqueIdentifier>{46604F60-60BF-3570-B5FF-FB4706BF65CB}</UniqueIdentifier>
    </Filter>
    <Filter Include="detail\metadata">
      <UniqueIdentifier>{1FFD5EDE-016D-31DA-BE69-CD0CF4CD4280}</UniqueIdentifier>
    </Filter>
    <Filter Include="detail\method">
      <UniqueIdentifier>{70A4C453-4C95-3198-80B5-63C20DA72147}</UniqueIdentifier>
    </Filter>
    <Filter Include="detail\misc">
      <UniqueIdentifier>{6B14FCE0-DC5D-3D28-910D-43BCFAA01D8A}</UniqueIdentifier>
    </Filter>
    <Filter Include="detail\parameter_info">
      <UniqueIdentifier>{0ADC86DF-098A-3BC8-B2F5-189DF00A777E}</UniqueIdentifier>
    </Filter>
    <Filter Include="detail\policies">
      <UniqueIdentifier>{6E9960A8-EB11-3230-B890-E3E2537C5CED}</UniqueIdentifier>
    </Filter>
    <Filter Include="detail\property">
      <UniqueIdentifier>{5B5B8B9F-FA4B-39C4-8A74-935B9BA10D88}</UniqueIdentifier>
    </Filter>
    <Filter Include="detail\registration">
      <UniqueIdentifier>{27B4650A-EA65-314A-95FC-1886968C2C0A}</UniqueIdentifier>
    </Filter>
    <Filter Include="detail\type">
      <UniqueIdentifier>{CFD81D0C-6B37-3D4D-A91C-D9124B2FC7D1}</UniqueIdentifier>
    </Filter>
    <Filter Include="detail\variant">
      <UniqueIdentifier>{0D717C48-EB4E-3A2D-91FE-7244891F1714}</UniqueIdentifier>
    </Filter>
    <Filter Include="detail\variant_array_view">
      <UniqueIdentifier>{BFE55F08-57C7-30D7-A2F2-76E9250EAD63}</UniqueIdentifier>
    </Filter>
  </ItemGroup>
</Project>
