
Microsoft Visual Studio Solution File, Format Version 12.00
# Visual Studio Version 17
Project("{2150E333-8FDC-42A3-9474-1A3956D46DE8}") = "CMakePredefinedTargets", "CMakePredefinedTargets", "{24C25767-FE84-3EC7-B0C8-A09A857E3581}"
EndProject
Project("{8BC9CEB8-8B4A-11D0-8D11-00A0C91BC942}") = "ALL_BUILD", "ALL_BUILD.vcxproj", "{31504B99-4A98-355F-966F-AE59617AFBF6}"
	ProjectSection(ProjectDependencies) = postProject
		{6515626C-F40F-3F16-958A-90E035A39E34} = {6515626C-F40F-3F16-958A-90E035A39E34}
		{1DA764E3-2BA8-3062-A75F-609703E7E2B9} = {1DA764E3-2BA8-3062-A75F-609703E7E2B9}
	EndProjectSection
EndProject
Project("{8BC9CEB8-8B4A-11D0-8D11-00A0C91BC942}") = "INSTALL", "INSTALL.vcxproj", "{9F34716F-671F-381F-B7A6-B627440E0BED}"
	ProjectSection(ProjectDependencies) = postProject
		{31504B99-4A98-355F-966F-AE59617AFBF6} = {31504B99-4A98-355F-966F-AE59617AFBF6}
		{1DA764E3-2BA8-3062-A75F-609703E7E2B9} = {1DA764E3-2BA8-3062-A75F-609703E7E2B9}
	EndProjectSection
EndProject
Project("{8BC9CEB8-8B4A-11D0-8D11-00A0C91BC942}") = "SDL3_gfx_Static", "SDL3_gfx_Static.vcxproj", "{6515626C-F40F-3F16-958A-90E035A39E34}"
	ProjectSection(ProjectDependencies) = postProject
		{1DA764E3-2BA8-3062-A75F-609703E7E2B9} = {1DA764E3-2BA8-3062-A75F-609703E7E2B9}
	EndProjectSection
EndProject
Project("{8BC9CEB8-8B4A-11D0-8D11-00A0C91BC942}") = "ZERO_CHECK", "..\..\\ZERO_CHECK.vcxproj", "{1DA764E3-2BA8-3062-A75F-609703E7E2B9}"
	ProjectSection(ProjectDependencies) = postProject
	EndProjectSection
EndProject
Global
	GlobalSection(SolutionConfigurationPlatforms) = preSolution
		Debug|x64 = Debug|x64
		Release|x64 = Release|x64
		MinSizeRel|x64 = MinSizeRel|x64
		RelWithDebInfo|x64 = RelWithDebInfo|x64
	EndGlobalSection
	GlobalSection(ProjectConfigurationPlatforms) = postSolution
		{31504B99-4A98-355F-966F-AE59617AFBF6}.Debug|x64.ActiveCfg = Debug|x64
		{31504B99-4A98-355F-966F-AE59617AFBF6}.Debug|x64.Build.0 = Debug|x64
		{31504B99-4A98-355F-966F-AE59617AFBF6}.Release|x64.ActiveCfg = Release|x64
		{31504B99-4A98-355F-966F-AE59617AFBF6}.Release|x64.Build.0 = Release|x64
		{31504B99-4A98-355F-966F-AE59617AFBF6}.MinSizeRel|x64.ActiveCfg = MinSizeRel|x64
		{31504B99-4A98-355F-966F-AE59617AFBF6}.MinSizeRel|x64.Build.0 = MinSizeRel|x64
		{31504B99-4A98-355F-966F-AE59617AFBF6}.RelWithDebInfo|x64.ActiveCfg = RelWithDebInfo|x64
		{31504B99-4A98-355F-966F-AE59617AFBF6}.RelWithDebInfo|x64.Build.0 = RelWithDebInfo|x64
		{9F34716F-671F-381F-B7A6-B627440E0BED}.Debug|x64.ActiveCfg = Debug|x64
		{9F34716F-671F-381F-B7A6-B627440E0BED}.Release|x64.ActiveCfg = Release|x64
		{9F34716F-671F-381F-B7A6-B627440E0BED}.MinSizeRel|x64.ActiveCfg = MinSizeRel|x64
		{9F34716F-671F-381F-B7A6-B627440E0BED}.RelWithDebInfo|x64.ActiveCfg = RelWithDebInfo|x64
		{6515626C-F40F-3F16-958A-90E035A39E34}.Debug|x64.ActiveCfg = Debug|x64
		{6515626C-F40F-3F16-958A-90E035A39E34}.Debug|x64.Build.0 = Debug|x64
		{6515626C-F40F-3F16-958A-90E035A39E34}.Release|x64.ActiveCfg = Release|x64
		{6515626C-F40F-3F16-958A-90E035A39E34}.Release|x64.Build.0 = Release|x64
		{6515626C-F40F-3F16-958A-90E035A39E34}.MinSizeRel|x64.ActiveCfg = MinSizeRel|x64
		{6515626C-F40F-3F16-958A-90E035A39E34}.MinSizeRel|x64.Build.0 = MinSizeRel|x64
		{6515626C-F40F-3F16-958A-90E035A39E34}.RelWithDebInfo|x64.ActiveCfg = RelWithDebInfo|x64
		{6515626C-F40F-3F16-958A-90E035A39E34}.RelWithDebInfo|x64.Build.0 = RelWithDebInfo|x64
		{1DA764E3-2BA8-3062-A75F-609703E7E2B9}.Debug|x64.ActiveCfg = Debug|x64
		{1DA764E3-2BA8-3062-A75F-609703E7E2B9}.Debug|x64.Build.0 = Debug|x64
		{1DA764E3-2BA8-3062-A75F-609703E7E2B9}.Release|x64.ActiveCfg = Release|x64
		{1DA764E3-2BA8-3062-A75F-609703E7E2B9}.Release|x64.Build.0 = Release|x64
		{1DA764E3-2BA8-3062-A75F-609703E7E2B9}.MinSizeRel|x64.ActiveCfg = MinSizeRel|x64
		{1DA764E3-2BA8-3062-A75F-609703E7E2B9}.MinSizeRel|x64.Build.0 = MinSizeRel|x64
		{1DA764E3-2BA8-3062-A75F-609703E7E2B9}.RelWithDebInfo|x64.ActiveCfg = RelWithDebInfo|x64
		{1DA764E3-2BA8-3062-A75F-609703E7E2B9}.RelWithDebInfo|x64.Build.0 = RelWithDebInfo|x64
	EndGlobalSection
	GlobalSection(NestedProjects) = preSolution
		{31504B99-4A98-355F-966F-AE59617AFBF6} = {24C25767-FE84-3EC7-B0C8-A09A857E3581}
		{9F34716F-671F-381F-B7A6-B627440E0BED} = {24C25767-FE84-3EC7-B0C8-A09A857E3581}
		{1DA764E3-2BA8-3062-A75F-609703E7E2B9} = {24C25767-FE84-3EC7-B0C8-A09A857E3581}
	EndGlobalSection
	GlobalSection(ExtensibilityGlobals) = postSolution
		SolutionGuid = {77BAAA37-52C4-3485-B6E4-BC685EFA728F}
	EndGlobalSection
	GlobalSection(ExtensibilityAddIns) = postSolution
	EndGlobalSection
EndGlobal
