<?xml version="1.0" encoding="utf-8"?>
<Project ToolsVersion="17.0" xmlns="http://schemas.microsoft.com/developer/msbuild/2003">
  <ItemGroup>
    <ClCompile Include="G:\Android_Project\CppAndroidApplication\GearX_dev\Depencies\box2d\src\collision\b2_broad_phase.cpp">
      <Filter>src\collision</Filter>
    </ClCompile>
    <ClCompile Include="G:\Android_Project\CppAndroidApplication\GearX_dev\Depencies\box2d\src\collision\b2_chain_shape.cpp">
      <Filter>src\collision</Filter>
    </ClCompile>
    <ClCompile Include="G:\Android_Project\CppAndroidApplication\GearX_dev\Depencies\box2d\src\collision\b2_circle_shape.cpp">
      <Filter>src\collision</Filter>
    </ClCompile>
    <ClCompile Include="G:\Android_Project\CppAndroidApplication\GearX_dev\Depencies\box2d\src\collision\b2_collide_circle.cpp">
      <Filter>src\collision</Filter>
    </ClCompile>
    <ClCompile Include="G:\Android_Project\CppAndroidApplication\GearX_dev\Depencies\box2d\src\collision\b2_collide_edge.cpp">
      <Filter>src\collision</Filter>
    </ClCompile>
    <ClCompile Include="G:\Android_Project\CppAndroidApplication\GearX_dev\Depencies\box2d\src\collision\b2_collide_polygon.cpp">
      <Filter>src\collision</Filter>
    </ClCompile>
    <ClCompile Include="G:\Android_Project\CppAndroidApplication\GearX_dev\Depencies\box2d\src\collision\b2_collision.cpp">
      <Filter>src\collision</Filter>
    </ClCompile>
    <ClCompile Include="G:\Android_Project\CppAndroidApplication\GearX_dev\Depencies\box2d\src\collision\b2_distance.cpp">
      <Filter>src\collision</Filter>
    </ClCompile>
    <ClCompile Include="G:\Android_Project\CppAndroidApplication\GearX_dev\Depencies\box2d\src\collision\b2_dynamic_tree.cpp">
      <Filter>src\collision</Filter>
    </ClCompile>
    <ClCompile Include="G:\Android_Project\CppAndroidApplication\GearX_dev\Depencies\box2d\src\collision\b2_edge_shape.cpp">
      <Filter>src\collision</Filter>
    </ClCompile>
    <ClCompile Include="G:\Android_Project\CppAndroidApplication\GearX_dev\Depencies\box2d\src\collision\b2_polygon_shape.cpp">
      <Filter>src\collision</Filter>
    </ClCompile>
    <ClCompile Include="G:\Android_Project\CppAndroidApplication\GearX_dev\Depencies\box2d\src\collision\b2_time_of_impact.cpp">
      <Filter>src\collision</Filter>
    </ClCompile>
    <ClCompile Include="G:\Android_Project\CppAndroidApplication\GearX_dev\Depencies\box2d\src\common\b2_block_allocator.cpp">
      <Filter>src\common</Filter>
    </ClCompile>
    <ClCompile Include="G:\Android_Project\CppAndroidApplication\GearX_dev\Depencies\box2d\src\common\b2_draw.cpp">
      <Filter>src\common</Filter>
    </ClCompile>
    <ClCompile Include="G:\Android_Project\CppAndroidApplication\GearX_dev\Depencies\box2d\src\common\b2_math.cpp">
      <Filter>src\common</Filter>
    </ClCompile>
    <ClCompile Include="G:\Android_Project\CppAndroidApplication\GearX_dev\Depencies\box2d\src\common\b2_settings.cpp">
      <Filter>src\common</Filter>
    </ClCompile>
    <ClCompile Include="G:\Android_Project\CppAndroidApplication\GearX_dev\Depencies\box2d\src\common\b2_stack_allocator.cpp">
      <Filter>src\common</Filter>
    </ClCompile>
    <ClCompile Include="G:\Android_Project\CppAndroidApplication\GearX_dev\Depencies\box2d\src\common\b2_timer.cpp">
      <Filter>src\common</Filter>
    </ClCompile>
    <ClCompile Include="G:\Android_Project\CppAndroidApplication\GearX_dev\Depencies\box2d\src\dynamics\b2_body.cpp">
      <Filter>src\dynamics</Filter>
    </ClCompile>
    <ClCompile Include="G:\Android_Project\CppAndroidApplication\GearX_dev\Depencies\box2d\src\dynamics\b2_chain_circle_contact.cpp">
      <Filter>src\dynamics</Filter>
    </ClCompile>
    <ClCompile Include="G:\Android_Project\CppAndroidApplication\GearX_dev\Depencies\box2d\src\dynamics\b2_chain_polygon_contact.cpp">
      <Filter>src\dynamics</Filter>
    </ClCompile>
    <ClCompile Include="G:\Android_Project\CppAndroidApplication\GearX_dev\Depencies\box2d\src\dynamics\b2_circle_contact.cpp">
      <Filter>src\dynamics</Filter>
    </ClCompile>
    <ClCompile Include="G:\Android_Project\CppAndroidApplication\GearX_dev\Depencies\box2d\src\dynamics\b2_contact.cpp">
      <Filter>src\dynamics</Filter>
    </ClCompile>
    <ClCompile Include="G:\Android_Project\CppAndroidApplication\GearX_dev\Depencies\box2d\src\dynamics\b2_contact_manager.cpp">
      <Filter>src\dynamics</Filter>
    </ClCompile>
    <ClCompile Include="G:\Android_Project\CppAndroidApplication\GearX_dev\Depencies\box2d\src\dynamics\b2_contact_solver.cpp">
      <Filter>src\dynamics</Filter>
    </ClCompile>
    <ClCompile Include="G:\Android_Project\CppAndroidApplication\GearX_dev\Depencies\box2d\src\dynamics\b2_distance_joint.cpp">
      <Filter>src\dynamics</Filter>
    </ClCompile>
    <ClCompile Include="G:\Android_Project\CppAndroidApplication\GearX_dev\Depencies\box2d\src\dynamics\b2_edge_circle_contact.cpp">
      <Filter>src\dynamics</Filter>
    </ClCompile>
    <ClCompile Include="G:\Android_Project\CppAndroidApplication\GearX_dev\Depencies\box2d\src\dynamics\b2_edge_polygon_contact.cpp">
      <Filter>src\dynamics</Filter>
    </ClCompile>
    <ClCompile Include="G:\Android_Project\CppAndroidApplication\GearX_dev\Depencies\box2d\src\dynamics\b2_fixture.cpp">
      <Filter>src\dynamics</Filter>
    </ClCompile>
    <ClCompile Include="G:\Android_Project\CppAndroidApplication\GearX_dev\Depencies\box2d\src\dynamics\b2_friction_joint.cpp">
      <Filter>src\dynamics</Filter>
    </ClCompile>
    <ClCompile Include="G:\Android_Project\CppAndroidApplication\GearX_dev\Depencies\box2d\src\dynamics\b2_gear_joint.cpp">
      <Filter>src\dynamics</Filter>
    </ClCompile>
    <ClCompile Include="G:\Android_Project\CppAndroidApplication\GearX_dev\Depencies\box2d\src\dynamics\b2_island.cpp">
      <Filter>src\dynamics</Filter>
    </ClCompile>
    <ClCompile Include="G:\Android_Project\CppAndroidApplication\GearX_dev\Depencies\box2d\src\dynamics\b2_joint.cpp">
      <Filter>src\dynamics</Filter>
    </ClCompile>
    <ClCompile Include="G:\Android_Project\CppAndroidApplication\GearX_dev\Depencies\box2d\src\dynamics\b2_motor_joint.cpp">
      <Filter>src\dynamics</Filter>
    </ClCompile>
    <ClCompile Include="G:\Android_Project\CppAndroidApplication\GearX_dev\Depencies\box2d\src\dynamics\b2_mouse_joint.cpp">
      <Filter>src\dynamics</Filter>
    </ClCompile>
    <ClCompile Include="G:\Android_Project\CppAndroidApplication\GearX_dev\Depencies\box2d\src\dynamics\b2_polygon_circle_contact.cpp">
      <Filter>src\dynamics</Filter>
    </ClCompile>
    <ClCompile Include="G:\Android_Project\CppAndroidApplication\GearX_dev\Depencies\box2d\src\dynamics\b2_polygon_contact.cpp">
      <Filter>src\dynamics</Filter>
    </ClCompile>
    <ClCompile Include="G:\Android_Project\CppAndroidApplication\GearX_dev\Depencies\box2d\src\dynamics\b2_prismatic_joint.cpp">
      <Filter>src\dynamics</Filter>
    </ClCompile>
    <ClCompile Include="G:\Android_Project\CppAndroidApplication\GearX_dev\Depencies\box2d\src\dynamics\b2_pulley_joint.cpp">
      <Filter>src\dynamics</Filter>
    </ClCompile>
    <ClCompile Include="G:\Android_Project\CppAndroidApplication\GearX_dev\Depencies\box2d\src\dynamics\b2_revolute_joint.cpp">
      <Filter>src\dynamics</Filter>
    </ClCompile>
    <ClCompile Include="G:\Android_Project\CppAndroidApplication\GearX_dev\Depencies\box2d\src\dynamics\b2_weld_joint.cpp">
      <Filter>src\dynamics</Filter>
    </ClCompile>
    <ClCompile Include="G:\Android_Project\CppAndroidApplication\GearX_dev\Depencies\box2d\src\dynamics\b2_wheel_joint.cpp">
      <Filter>src\dynamics</Filter>
    </ClCompile>
    <ClCompile Include="G:\Android_Project\CppAndroidApplication\GearX_dev\Depencies\box2d\src\dynamics\b2_world.cpp">
      <Filter>src\dynamics</Filter>
    </ClCompile>
    <ClCompile Include="G:\Android_Project\CppAndroidApplication\GearX_dev\Depencies\box2d\src\dynamics\b2_world_callbacks.cpp">
      <Filter>src\dynamics</Filter>
    </ClCompile>
    <ClCompile Include="G:\Android_Project\CppAndroidApplication\GearX_dev\Depencies\box2d\src\rope\b2_rope.cpp">
      <Filter>src\rope</Filter>
    </ClCompile>
  </ItemGroup>
  <ItemGroup>
    <ClInclude Include="G:\Android_Project\CppAndroidApplication\GearX_dev\Depencies\box2d\src\dynamics\b2_chain_circle_contact.h">
      <Filter>src\dynamics</Filter>
    </ClInclude>
    <ClInclude Include="G:\Android_Project\CppAndroidApplication\GearX_dev\Depencies\box2d\src\dynamics\b2_chain_polygon_contact.h">
      <Filter>src\dynamics</Filter>
    </ClInclude>
    <ClInclude Include="G:\Android_Project\CppAndroidApplication\GearX_dev\Depencies\box2d\src\dynamics\b2_circle_contact.h">
      <Filter>src\dynamics</Filter>
    </ClInclude>
    <ClInclude Include="G:\Android_Project\CppAndroidApplication\GearX_dev\Depencies\box2d\src\dynamics\b2_contact_solver.h">
      <Filter>src\dynamics</Filter>
    </ClInclude>
    <ClInclude Include="G:\Android_Project\CppAndroidApplication\GearX_dev\Depencies\box2d\src\dynamics\b2_edge_circle_contact.h">
      <Filter>src\dynamics</Filter>
    </ClInclude>
    <ClInclude Include="G:\Android_Project\CppAndroidApplication\GearX_dev\Depencies\box2d\src\dynamics\b2_edge_polygon_contact.h">
      <Filter>src\dynamics</Filter>
    </ClInclude>
    <ClInclude Include="G:\Android_Project\CppAndroidApplication\GearX_dev\Depencies\box2d\src\dynamics\b2_island.h">
      <Filter>src\dynamics</Filter>
    </ClInclude>
    <ClInclude Include="G:\Android_Project\CppAndroidApplication\GearX_dev\Depencies\box2d\src\dynamics\b2_polygon_circle_contact.h">
      <Filter>src\dynamics</Filter>
    </ClInclude>
    <ClInclude Include="G:\Android_Project\CppAndroidApplication\GearX_dev\Depencies\box2d\src\dynamics\b2_polygon_contact.h">
      <Filter>src\dynamics</Filter>
    </ClInclude>
    <ClInclude Include="G:\Android_Project\CppAndroidApplication\GearX_dev\Depencies\box2d\include\box2d\b2_api.h">
      <Filter>include\box2d</Filter>
    </ClInclude>
    <ClInclude Include="G:\Android_Project\CppAndroidApplication\GearX_dev\Depencies\box2d\include\box2d\b2_block_allocator.h">
      <Filter>include\box2d</Filter>
    </ClInclude>
    <ClInclude Include="G:\Android_Project\CppAndroidApplication\GearX_dev\Depencies\box2d\include\box2d\b2_body.h">
      <Filter>include\box2d</Filter>
    </ClInclude>
    <ClInclude Include="G:\Android_Project\CppAndroidApplication\GearX_dev\Depencies\box2d\include\box2d\b2_broad_phase.h">
      <Filter>include\box2d</Filter>
    </ClInclude>
    <ClInclude Include="G:\Android_Project\CppAndroidApplication\GearX_dev\Depencies\box2d\include\box2d\b2_chain_shape.h">
      <Filter>include\box2d</Filter>
    </ClInclude>
    <ClInclude Include="G:\Android_Project\CppAndroidApplication\GearX_dev\Depencies\box2d\include\box2d\b2_circle_shape.h">
      <Filter>include\box2d</Filter>
    </ClInclude>
    <ClInclude Include="G:\Android_Project\CppAndroidApplication\GearX_dev\Depencies\box2d\include\box2d\b2_collision.h">
      <Filter>include\box2d</Filter>
    </ClInclude>
    <ClInclude Include="G:\Android_Project\CppAndroidApplication\GearX_dev\Depencies\box2d\include\box2d\b2_common.h">
      <Filter>include\box2d</Filter>
    </ClInclude>
    <ClInclude Include="G:\Android_Project\CppAndroidApplication\GearX_dev\Depencies\box2d\include\box2d\b2_contact.h">
      <Filter>include\box2d</Filter>
    </ClInclude>
    <ClInclude Include="G:\Android_Project\CppAndroidApplication\GearX_dev\Depencies\box2d\include\box2d\b2_contact_manager.h">
      <Filter>include\box2d</Filter>
    </ClInclude>
    <ClInclude Include="G:\Android_Project\CppAndroidApplication\GearX_dev\Depencies\box2d\include\box2d\b2_distance.h">
      <Filter>include\box2d</Filter>
    </ClInclude>
    <ClInclude Include="G:\Android_Project\CppAndroidApplication\GearX_dev\Depencies\box2d\include\box2d\b2_distance_joint.h">
      <Filter>include\box2d</Filter>
    </ClInclude>
    <ClInclude Include="G:\Android_Project\CppAndroidApplication\GearX_dev\Depencies\box2d\include\box2d\b2_draw.h">
      <Filter>include\box2d</Filter>
    </ClInclude>
    <ClInclude Include="G:\Android_Project\CppAndroidApplication\GearX_dev\Depencies\box2d\include\box2d\b2_dynamic_tree.h">
      <Filter>include\box2d</Filter>
    </ClInclude>
    <ClInclude Include="G:\Android_Project\CppAndroidApplication\GearX_dev\Depencies\box2d\include\box2d\b2_edge_shape.h">
      <Filter>include\box2d</Filter>
    </ClInclude>
    <ClInclude Include="G:\Android_Project\CppAndroidApplication\GearX_dev\Depencies\box2d\include\box2d\b2_fixture.h">
      <Filter>include\box2d</Filter>
    </ClInclude>
    <ClInclude Include="G:\Android_Project\CppAndroidApplication\GearX_dev\Depencies\box2d\include\box2d\b2_friction_joint.h">
      <Filter>include\box2d</Filter>
    </ClInclude>
    <ClInclude Include="G:\Android_Project\CppAndroidApplication\GearX_dev\Depencies\box2d\include\box2d\b2_gear_joint.h">
      <Filter>include\box2d</Filter>
    </ClInclude>
    <ClInclude Include="G:\Android_Project\CppAndroidApplication\GearX_dev\Depencies\box2d\include\box2d\b2_growable_stack.h">
      <Filter>include\box2d</Filter>
    </ClInclude>
    <ClInclude Include="G:\Android_Project\CppAndroidApplication\GearX_dev\Depencies\box2d\include\box2d\b2_joint.h">
      <Filter>include\box2d</Filter>
    </ClInclude>
    <ClInclude Include="G:\Android_Project\CppAndroidApplication\GearX_dev\Depencies\box2d\include\box2d\b2_math.h">
      <Filter>include\box2d</Filter>
    </ClInclude>
    <ClInclude Include="G:\Android_Project\CppAndroidApplication\GearX_dev\Depencies\box2d\include\box2d\b2_motor_joint.h">
      <Filter>include\box2d</Filter>
    </ClInclude>
    <ClInclude Include="G:\Android_Project\CppAndroidApplication\GearX_dev\Depencies\box2d\include\box2d\b2_mouse_joint.h">
      <Filter>include\box2d</Filter>
    </ClInclude>
    <ClInclude Include="G:\Android_Project\CppAndroidApplication\GearX_dev\Depencies\box2d\include\box2d\b2_polygon_shape.h">
      <Filter>include\box2d</Filter>
    </ClInclude>
    <ClInclude Include="G:\Android_Project\CppAndroidApplication\GearX_dev\Depencies\box2d\include\box2d\b2_prismatic_joint.h">
      <Filter>include\box2d</Filter>
    </ClInclude>
    <ClInclude Include="G:\Android_Project\CppAndroidApplication\GearX_dev\Depencies\box2d\include\box2d\b2_pulley_joint.h">
      <Filter>include\box2d</Filter>
    </ClInclude>
    <ClInclude Include="G:\Android_Project\CppAndroidApplication\GearX_dev\Depencies\box2d\include\box2d\b2_revolute_joint.h">
      <Filter>include\box2d</Filter>
    </ClInclude>
    <ClInclude Include="G:\Android_Project\CppAndroidApplication\GearX_dev\Depencies\box2d\include\box2d\b2_rope.h">
      <Filter>include\box2d</Filter>
    </ClInclude>
    <ClInclude Include="G:\Android_Project\CppAndroidApplication\GearX_dev\Depencies\box2d\include\box2d\b2_settings.h">
      <Filter>include\box2d</Filter>
    </ClInclude>
    <ClInclude Include="G:\Android_Project\CppAndroidApplication\GearX_dev\Depencies\box2d\include\box2d\b2_shape.h">
      <Filter>include\box2d</Filter>
    </ClInclude>
    <ClInclude Include="G:\Android_Project\CppAndroidApplication\GearX_dev\Depencies\box2d\include\box2d\b2_stack_allocator.h">
      <Filter>include\box2d</Filter>
    </ClInclude>
    <ClInclude Include="G:\Android_Project\CppAndroidApplication\GearX_dev\Depencies\box2d\include\box2d\b2_time_of_impact.h">
      <Filter>include\box2d</Filter>
    </ClInclude>
    <ClInclude Include="G:\Android_Project\CppAndroidApplication\GearX_dev\Depencies\box2d\include\box2d\b2_timer.h">
      <Filter>include\box2d</Filter>
    </ClInclude>
    <ClInclude Include="G:\Android_Project\CppAndroidApplication\GearX_dev\Depencies\box2d\include\box2d\b2_time_step.h">
      <Filter>include\box2d</Filter>
    </ClInclude>
    <ClInclude Include="G:\Android_Project\CppAndroidApplication\GearX_dev\Depencies\box2d\include\box2d\b2_types.h">
      <Filter>include\box2d</Filter>
    </ClInclude>
    <ClInclude Include="G:\Android_Project\CppAndroidApplication\GearX_dev\Depencies\box2d\include\box2d\b2_weld_joint.h">
      <Filter>include\box2d</Filter>
    </ClInclude>
    <ClInclude Include="G:\Android_Project\CppAndroidApplication\GearX_dev\Depencies\box2d\include\box2d\b2_wheel_joint.h">
      <Filter>include\box2d</Filter>
    </ClInclude>
    <ClInclude Include="G:\Android_Project\CppAndroidApplication\GearX_dev\Depencies\box2d\include\box2d\b2_world.h">
      <Filter>include\box2d</Filter>
    </ClInclude>
    <ClInclude Include="G:\Android_Project\CppAndroidApplication\GearX_dev\Depencies\box2d\include\box2d\b2_world_callbacks.h">
      <Filter>include\box2d</Filter>
    </ClInclude>
    <ClInclude Include="G:\Android_Project\CppAndroidApplication\GearX_dev\Depencies\box2d\include\box2d\box2d.h">
      <Filter>include\box2d</Filter>
    </ClInclude>
  </ItemGroup>
  <ItemGroup>
    <CustomBuild Include="G:\Android_Project\CppAndroidApplication\GearX_dev\Depencies\box2d\src\CMakeLists.txt" />
  </ItemGroup>
  <ItemGroup>
    <Filter Include="include">
      <UniqueIdentifier>{62688C75-603A-3CF8-B2BF-87371EE71507}</UniqueIdentifier>
    </Filter>
    <Filter Include="include\box2d">
      <UniqueIdentifier>{D88E5A88-44ED-33FF-A83A-72AF93D9B10B}</UniqueIdentifier>
    </Filter>
    <Filter Include="src">
      <UniqueIdentifier>{7970A2F2-2780-3D06-9202-DE3C7A1D51C1}</UniqueIdentifier>
    </Filter>
    <Filter Include="src\collision">
      <UniqueIdentifier>{BD863CD2-9DAA-3D34-804F-1FACD88A16DF}</UniqueIdentifier>
    </Filter>
    <Filter Include="src\common">
      <UniqueIdentifier>{CA6F7D6A-3892-3EA2-9AA4-6E4FB83B653B}</UniqueIdentifier>
    </Filter>
    <Filter Include="src\dynamics">
      <UniqueIdentifier>{D99A9E60-D472-3CD7-9158-9B3A180F2B07}</UniqueIdentifier>
    </Filter>
    <Filter Include="src\rope">
      <UniqueIdentifier>{EDA9F914-3CBA-3AA1-BF9D-6C1663E130F8}</UniqueIdentifier>
    </Filter>
  </ItemGroup>
</Project>
